
Microsoft Visual Studio Solution File, Format Version 12.00
# Visual Studio Version 17
VisualStudioVersion = 17.14.36202.13 d17.14
MinimumVisualStudioVersion = 10.0.40219.1
Project("{FAE04EC0-301F-11D3-BF4B-00C04F79EFBC}") = "Informatika", "Informatika\Informatika.csproj", "{9F5B5F24-520F-4C79-9A6C-D99E18DF1187}"
EndProject
Global
	GlobalSection(SolutionConfigurationPlatforms) = preSolution
		Debug|Any CPU = Debug|Any CPU
		Release|Any CPU = Release|Any CPU
	EndGlobalSection
	GlobalSection(ProjectConfigurationPlatforms) = postSolution
		{9F5B5F24-520F-4C79-9A6C-D99E18DF1187}.Debug|Any CPU.ActiveCfg = Debug|Any CPU
		{9F5B5F24-520F-4C79-9A6C-D99E18DF1187}.Debug|Any CPU.Build.0 = Debug|Any CPU
		{9F5B5F24-520F-4C79-9A6C-D99E18DF1187}.Release|Any CPU.ActiveCfg = Release|Any CPU
		{9F5B5F24-520F-4C79-9A6C-D99E18DF1187}.Release|Any CPU.Build.0 = Release|Any CPU
	EndGlobalSection
	GlobalSection(SolutionProperties) = preSolution
		HideSolutionNode = FALSE
	EndGlobalSection
	GlobalSection(ExtensibilityGlobals) = postSolution
		SolutionGuid = {5FD5B215-9087-43FE-82FC-5FC001E1C124}
	EndGlobalSection
EndGlobal
